
Microsoft Visual Studio Solution File, Format Version 12.00
# Visual Studio Version 16
VisualStudioVersion = 16.0.30320.27
MinimumVisualStudioVersion = 10.0.40219.1
Project("{FAE04EC0-301F-11D3-BF4B-00C04F79EFBC}") = "TBFSReport", "TBFSReport.csproj", "{B10A0732-80C6-4A90-8916-EC0B58BE4612}"
EndProject
Global
	GlobalSection(SolutionConfigurationPlatforms) = preSolution
		Debug|Any CPU = Debug|Any CPU
		Debug|x64 = Debug|x64
		Release|Any CPU = Release|Any CPU
		Release|x64 = Release|x64
	EndGlobalSection
	GlobalSection(ProjectConfigurationPlatforms) = postSolution
		{B10A0732-80C6-4A90-8916-EC0B58BE4612}.Debug|Any CPU.ActiveCfg = Debug|Any CPU
		{B10A0732-80C6-4A90-8916-EC0B58BE4612}.Debug|Any CPU.Build.0 = Debug|Any CPU
		{B10A0732-80C6-4A90-8916-EC0B58BE4612}.Debug|x64.ActiveCfg = Debug|x64
		{B10A0732-80C6-4A90-8916-EC0B58BE4612}.Debug|x64.Build.0 = Debug|x64
		{B10A0732-80C6-4A90-8916-EC0B58BE4612}.Release|Any CPU.ActiveCfg = Release|Any CPU
		{B10A0732-80C6-4A90-8916-EC0B58BE4612}.Release|Any CPU.Build.0 = Release|Any CPU
		{B10A0732-80C6-4A90-8916-EC0B58BE4612}.Release|x64.ActiveCfg = Release|x64
		{B10A0732-80C6-4A90-8916-EC0B58BE4612}.Release|x64.Build.0 = Release|x64
	EndGlobalSection
	GlobalSection(SolutionProperties) = preSolution
		HideSolutionNode = FALSE
	EndGlobalSection
	GlobalSection(ExtensibilityGlobals) = postSolution
		SolutionGuid = {73F4A1B4-12EE-41AE-A496-AC34757AF3D7}
	EndGlobalSection
EndGlobal
